
Microsoft Visual Studio Solution File, Format Version 12.00
# Visual Studio Version 17
VisualStudioVersion = 17.3.32825.248
MinimumVisualStudioVersion = 10.0.40219.1
Project("{FAE04EC0-301F-11D3-BF4B-00C04F79EFBC}") = "Knucklebones", "Knucklebones\Knucklebones.csproj", "{B7491568-3F4E-48EE-B8C2-7F9C8730A27A}"
EndProject
Global
	GlobalSection(SolutionConfigurationPlatforms) = preSolution
		Debug|Any CPU = Debug|Any CPU
		Release|Any CPU = Release|Any CPU
	EndGlobalSection
	GlobalSection(ProjectConfigurationPlatforms) = postSolution
		{B7491568-3F4E-48EE-B8C2-7F9C8730A27A}.Debug|Any CPU.ActiveCfg = Debug|Any CPU
		{B7491568-3F4E-48EE-B8C2-7F9C8730A27A}.Debug|Any CPU.Build.0 = Debug|Any CPU
		{B7491568-3F4E-48EE-B8C2-7F9C8730A27A}.Release|Any CPU.ActiveCfg = Release|Any CPU
		{B7491568-3F4E-48EE-B8C2-7F9C8730A27A}.Release|Any CPU.Build.0 = Release|Any CPU
	EndGlobalSection
	GlobalSection(SolutionProperties) = preSolution
		HideSolutionNode = FALSE
	EndGlobalSection
	GlobalSection(ExtensibilityGlobals) = postSolution
		SolutionGuid = {706ED428-164E-44F9-BF62-37777805DBBB}
	EndGlobalSection
EndGlobal
